
Microsoft Visual Studio Solution File, Format Version 12.00
# Visual Studio Version 17
VisualStudioVersion = 17.3.32922.545
MinimumVisualStudioVersion = 10.0.40219.1
Project("{FAE04EC0-301F-11D3-BF4B-00C04F79EFBC}") = "Novo", "Novo.csproj", "{B3294C9A-B106-4A48-9D03-D75349E061AF}"
EndProject
Global
	GlobalSection(SolutionConfigurationPlatforms) = preSolution
		Debug|Any CPU = Debug|Any CPU
		Release|Any CPU = Release|Any CPU
	EndGlobalSection
	GlobalSection(ProjectConfigurationPlatforms) = postSolution
		{B3294C9A-B106-4A48-9D03-D75349E061AF}.Debug|Any CPU.ActiveCfg = Debug|Any CPU
		{B3294C9A-B106-4A48-9D03-D75349E061AF}.Debug|Any CPU.Build.0 = Debug|Any CPU
		{B3294C9A-B106-4A48-9D03-D75349E061AF}.Release|Any CPU.ActiveCfg = Release|Any CPU
		{B3294C9A-B106-4A48-9D03-D75349E061AF}.Release|Any CPU.Build.0 = Release|Any CPU
	EndGlobalSection
	GlobalSection(SolutionProperties) = preSolution
		HideSolutionNode = FALSE
	EndGlobalSection
	GlobalSection(ExtensibilityGlobals) = postSolution
		SolutionGuid = {0EB36F90-CA2B-4679-932C-BE2C39E76429}
	EndGlobalSection
EndGlobal
